
Microsoft Visual Studio Solution File, Format Version 12.00
# Visual Studio Version 17
VisualStudioVersion = 17.1.32421.90
MinimumVisualStudioVersion = 10.0.40219.1
Project("{FAE04EC0-301F-11D3-BF4B-00C04F79EFBC}") = "Ejercicio Clase 5 .NET 6.0", "Ejercicio Clase 5 .NET 6.0\Ejercicio Clase 5 .NET 6.0.csproj", "{59E77C79-0A03-4DD3-8630-EC2A196EF56F}"
EndProject
Global
	GlobalSection(SolutionConfigurationPlatforms) = preSolution
		Debug|Any CPU = Debug|Any CPU
		Release|Any CPU = Release|Any CPU
	EndGlobalSection
	GlobalSection(ProjectConfigurationPlatforms) = postSolution
		{59E77C79-0A03-4DD3-8630-EC2A196EF56F}.Debug|Any CPU.ActiveCfg = Debug|Any CPU
		{59E77C79-0A03-4DD3-8630-EC2A196EF56F}.Debug|Any CPU.Build.0 = Debug|Any CPU
		{59E77C79-0A03-4DD3-8630-EC2A196EF56F}.Release|Any CPU.ActiveCfg = Release|Any CPU
		{59E77C79-0A03-4DD3-8630-EC2A196EF56F}.Release|Any CPU.Build.0 = Release|Any CPU
	EndGlobalSection
	GlobalSection(SolutionProperties) = preSolution
		HideSolutionNode = FALSE
	EndGlobalSection
	GlobalSection(ExtensibilityGlobals) = postSolution
		SolutionGuid = {EE717241-9385-43AD-9237-63C00F1E337D}
	EndGlobalSection
EndGlobal
